
Microsoft Visual Studio Solution File, Format Version 12.00
# Visual Studio 2012
Project("{FAE04EC0-301F-11D3-BF4B-00C04F79EFBC}") = "PickerDemo", "PickerDemo\PickerDemo.csproj", "{2ECF3F00-5934-470A-9608-F429D69ABF6E}"
EndProject
Project("{FAE04EC0-301F-11D3-BF4B-00C04F79EFBC}") = "PickerDemo2TabbedScreens", "PickerDemo2TabbedScreens\PickerDemo2TabbedScreens.csproj", "{51AC2D37-4514-4CD0-83C4-DF19193FE848}"
EndProject
Global
	GlobalSection(SolutionConfigurationPlatforms) = preSolution
		Debug|iPhoneSimulator = Debug|iPhoneSimulator
		Release|iPhone = Release|iPhone
		Release|iPhoneSimulator = Release|iPhoneSimulator
		Debug|iPhone = Debug|iPhone
	EndGlobalSection
	GlobalSection(ProjectConfigurationPlatforms) = postSolution
		{2ECF3F00-5934-470A-9608-F429D69ABF6E}.Debug|iPhone.ActiveCfg = Debug|iPhone
		{2ECF3F00-5934-470A-9608-F429D69ABF6E}.Debug|iPhone.Build.0 = Debug|iPhone
		{2ECF3F00-5934-470A-9608-F429D69ABF6E}.Debug|iPhoneSimulator.ActiveCfg = Debug|iPhoneSimulator
		{2ECF3F00-5934-470A-9608-F429D69ABF6E}.Debug|iPhoneSimulator.Build.0 = Debug|iPhoneSimulator
		{2ECF3F00-5934-470A-9608-F429D69ABF6E}.Release|iPhone.ActiveCfg = Release|iPhone
		{2ECF3F00-5934-470A-9608-F429D69ABF6E}.Release|iPhone.Build.0 = Release|iPhone
		{2ECF3F00-5934-470A-9608-F429D69ABF6E}.Release|iPhoneSimulator.ActiveCfg = Release|iPhoneSimulator
		{2ECF3F00-5934-470A-9608-F429D69ABF6E}.Release|iPhoneSimulator.Build.0 = Release|iPhoneSimulator
		{51AC2D37-4514-4CD0-83C4-DF19193FE848}.Debug|iPhoneSimulator.ActiveCfg = Debug|iPhoneSimulator
		{51AC2D37-4514-4CD0-83C4-DF19193FE848}.Debug|iPhoneSimulator.Build.0 = Debug|iPhoneSimulator
		{51AC2D37-4514-4CD0-83C4-DF19193FE848}.Release|iPhone.ActiveCfg = Release|iPhone
		{51AC2D37-4514-4CD0-83C4-DF19193FE848}.Release|iPhone.Build.0 = Release|iPhone
		{51AC2D37-4514-4CD0-83C4-DF19193FE848}.Release|iPhoneSimulator.ActiveCfg = Release|iPhoneSimulator
		{51AC2D37-4514-4CD0-83C4-DF19193FE848}.Release|iPhoneSimulator.Build.0 = Release|iPhoneSimulator
		{51AC2D37-4514-4CD0-83C4-DF19193FE848}.Debug|iPhone.ActiveCfg = Debug|iPhone
		{51AC2D37-4514-4CD0-83C4-DF19193FE848}.Debug|iPhone.Build.0 = Debug|iPhone
	EndGlobalSection
EndGlobal
