
Microsoft Visual Studio Solution File, Format Version 12.00
# Visual Studio 15
Project("{FAE04EC0-301F-11D3-BF4B-00C04F79EFBC}") = "TabbedAppXamDemo", "TabbedAppXamDemo\TabbedAppXamDemo.csproj", "{D3D135A5-862D-4CEE-BC98-E7893787A702}"
EndProject
Global
	GlobalSection(SolutionConfigurationPlatforms) = preSolution
		Debug|iPhoneSimulator = Debug|iPhoneSimulator
		Release|iPhoneSimulator = Release|iPhoneSimulator
		Debug|iPhone = Debug|iPhone
		Release|iPhone = Release|iPhone
	EndGlobalSection
	GlobalSection(ProjectConfigurationPlatforms) = postSolution
		{D3D135A5-862D-4CEE-BC98-E7893787A702}.Debug|iPhoneSimulator.ActiveCfg = Debug|iPhoneSimulator
		{D3D135A5-862D-4CEE-BC98-E7893787A702}.Debug|iPhoneSimulator.Build.0 = Debug|iPhoneSimulator
		{D3D135A5-862D-4CEE-BC98-E7893787A702}.Release|iPhoneSimulator.ActiveCfg = Release|iPhoneSimulator
		{D3D135A5-862D-4CEE-BC98-E7893787A702}.Release|iPhoneSimulator.Build.0 = Release|iPhoneSimulator
		{D3D135A5-862D-4CEE-BC98-E7893787A702}.Debug|iPhone.ActiveCfg = Debug|iPhone
		{D3D135A5-862D-4CEE-BC98-E7893787A702}.Debug|iPhone.Build.0 = Debug|iPhone
		{D3D135A5-862D-4CEE-BC98-E7893787A702}.Release|iPhone.ActiveCfg = Release|iPhone
		{D3D135A5-862D-4CEE-BC98-E7893787A702}.Release|iPhone.Build.0 = Release|iPhone
	EndGlobalSection
EndGlobal
