
Microsoft Visual Studio Solution File, Format Version 12.00
# Visual Studio 2012
Project("{FAE04EC0-301F-11D3-BF4B-00C04F79EFBC}") = "SizeClassDemo", "SizeClassDemo\SizeClassDemo.csproj", "{20F5AFFD-3D6B-4E2A-9961-EAF4A9A336E9}"
EndProject
Global
	GlobalSection(SolutionConfigurationPlatforms) = preSolution
		Debug|iPhoneSimulator = Debug|iPhoneSimulator
		Release|iPhone = Release|iPhone
		Release|iPhoneSimulator = Release|iPhoneSimulator
		Debug|iPhone = Debug|iPhone
	EndGlobalSection
	GlobalSection(ProjectConfigurationPlatforms) = postSolution
		{20F5AFFD-3D6B-4E2A-9961-EAF4A9A336E9}.Debug|iPhone.ActiveCfg = Debug|iPhone
		{20F5AFFD-3D6B-4E2A-9961-EAF4A9A336E9}.Debug|iPhone.Build.0 = Debug|iPhone
		{20F5AFFD-3D6B-4E2A-9961-EAF4A9A336E9}.Debug|iPhoneSimulator.ActiveCfg = Debug|iPhoneSimulator
		{20F5AFFD-3D6B-4E2A-9961-EAF4A9A336E9}.Debug|iPhoneSimulator.Build.0 = Debug|iPhoneSimulator
		{20F5AFFD-3D6B-4E2A-9961-EAF4A9A336E9}.Release|iPhone.ActiveCfg = Release|iPhone
		{20F5AFFD-3D6B-4E2A-9961-EAF4A9A336E9}.Release|iPhone.Build.0 = Release|iPhone
		{20F5AFFD-3D6B-4E2A-9961-EAF4A9A336E9}.Release|iPhoneSimulator.ActiveCfg = Release|iPhoneSimulator
		{20F5AFFD-3D6B-4E2A-9961-EAF4A9A336E9}.Release|iPhoneSimulator.Build.0 = Release|iPhoneSimulator
	EndGlobalSection
EndGlobal
