
Microsoft Visual Studio Solution File, Format Version 12.00
# Visual Studio 2012
Project("{FAE04EC0-301F-11D3-BF4B-00C04F79EFBC}") = "HexCalc", "HexCalc\HexCalc.csproj", "{33C79551-5F1D-42D0-BD12-81FE6DD13A35}"
EndProject
Global
	GlobalSection(SolutionConfigurationPlatforms) = preSolution
		Debug|iPhoneSimulator = Debug|iPhoneSimulator
		Release|iPhone = Release|iPhone
		Release|iPhoneSimulator = Release|iPhoneSimulator
		Debug|iPhone = Debug|iPhone
	EndGlobalSection
	GlobalSection(ProjectConfigurationPlatforms) = postSolution
		{33C79551-5F1D-42D0-BD12-81FE6DD13A35}.Debug|iPhoneSimulator.ActiveCfg = Debug|iPhoneSimulator
		{33C79551-5F1D-42D0-BD12-81FE6DD13A35}.Debug|iPhoneSimulator.Build.0 = Debug|iPhoneSimulator
		{33C79551-5F1D-42D0-BD12-81FE6DD13A35}.Release|iPhone.ActiveCfg = Release|iPhone
		{33C79551-5F1D-42D0-BD12-81FE6DD13A35}.Release|iPhone.Build.0 = Release|iPhone
		{33C79551-5F1D-42D0-BD12-81FE6DD13A35}.Release|iPhoneSimulator.ActiveCfg = Release|iPhoneSimulator
		{33C79551-5F1D-42D0-BD12-81FE6DD13A35}.Release|iPhoneSimulator.Build.0 = Release|iPhoneSimulator
		{33C79551-5F1D-42D0-BD12-81FE6DD13A35}.Debug|iPhone.ActiveCfg = Debug|iPhone
		{33C79551-5F1D-42D0-BD12-81FE6DD13A35}.Debug|iPhone.Build.0 = Debug|iPhone
	EndGlobalSection
EndGlobal
