
Microsoft Visual Studio Solution File, Format Version 12.00
# Visual Studio 2012
Project("{FAE04EC0-301F-11D3-BF4B-00C04F79EFBC}") = "StarTrekCastDemo", "StarTrekCastDemo\StarTrekCastDemo.csproj", "{07EF4D84-CDBA-437E-A40C-C911960E43C6}"
EndProject
Global
	GlobalSection(SolutionConfigurationPlatforms) = preSolution
		Debug|iPhoneSimulator = Debug|iPhoneSimulator
		Release|iPhone = Release|iPhone
		Release|iPhoneSimulator = Release|iPhoneSimulator
		Debug|iPhone = Debug|iPhone
	EndGlobalSection
	GlobalSection(ProjectConfigurationPlatforms) = postSolution
		{07EF4D84-CDBA-437E-A40C-C911960E43C6}.Debug|iPhone.ActiveCfg = Debug|iPhone
		{07EF4D84-CDBA-437E-A40C-C911960E43C6}.Debug|iPhone.Build.0 = Debug|iPhone
		{07EF4D84-CDBA-437E-A40C-C911960E43C6}.Debug|iPhoneSimulator.ActiveCfg = Debug|iPhoneSimulator
		{07EF4D84-CDBA-437E-A40C-C911960E43C6}.Debug|iPhoneSimulator.Build.0 = Debug|iPhoneSimulator
		{07EF4D84-CDBA-437E-A40C-C911960E43C6}.Release|iPhone.ActiveCfg = Release|iPhone
		{07EF4D84-CDBA-437E-A40C-C911960E43C6}.Release|iPhone.Build.0 = Release|iPhone
		{07EF4D84-CDBA-437E-A40C-C911960E43C6}.Release|iPhoneSimulator.ActiveCfg = Release|iPhoneSimulator
		{07EF4D84-CDBA-437E-A40C-C911960E43C6}.Release|iPhoneSimulator.Build.0 = Release|iPhoneSimulator
	EndGlobalSection
EndGlobal
